
Microsoft Visual Studio Solution File, Format Version 12.00
# Visual Studio 15
VisualStudioVersion = 15.0.27004.2008
MinimumVisualStudioVersion = 10.0.40219.1
Project("{FAE04EC0-301F-11D3-BF4B-00C04F79EFBC}") = "AndroidAdvancedUI", "AndroidAdvancedUI\AndroidAdvancedUI.csproj", "{3F0A4175-659A-4FE9-AF29-73A5FC3C8E26}"
EndProject
Global
	GlobalSection(SolutionConfigurationPlatforms) = preSolution
		Debug|Any CPU = Debug|Any CPU
		Release|Any CPU = Release|Any CPU
	EndGlobalSection
	GlobalSection(ProjectConfigurationPlatforms) = postSolution
		{3F0A4175-659A-4FE9-AF29-73A5FC3C8E26}.Debug|Any CPU.ActiveCfg = Debug|Any CPU
		{3F0A4175-659A-4FE9-AF29-73A5FC3C8E26}.Debug|Any CPU.Build.0 = Debug|Any CPU
		{3F0A4175-659A-4FE9-AF29-73A5FC3C8E26}.Debug|Any CPU.Deploy.0 = Debug|Any CPU
		{3F0A4175-659A-4FE9-AF29-73A5FC3C8E26}.Release|Any CPU.ActiveCfg = Release|Any CPU
		{3F0A4175-659A-4FE9-AF29-73A5FC3C8E26}.Release|Any CPU.Build.0 = Release|Any CPU
		{3F0A4175-659A-4FE9-AF29-73A5FC3C8E26}.Release|Any CPU.Deploy.0 = Release|Any CPU
	EndGlobalSection
	GlobalSection(SolutionProperties) = preSolution
		HideSolutionNode = FALSE
	EndGlobalSection
	GlobalSection(ExtensibilityGlobals) = postSolution
		SolutionGuid = {6E8B7041-6ECC-4EA5-A85F-08ABBA89F832}
	EndGlobalSection
EndGlobal
